
Microsoft Visual Studio Solution File, Format Version 12.00
# Visual Studio Version 16
VisualStudioVersion = 16.0.29215.179
MinimumVisualStudioVersion = 10.0.40219.1
Project("{FAE04EC0-301F-11D3-BF4B-00C04F79EFBC}") = "youFavoriteThings", "youFavoriteThings\youFavoriteThings.csproj", "{AE66B9C7-894C-4A19-8D7D-4A95536230DA}"
EndProject
Global
	GlobalSection(SolutionConfigurationPlatforms) = preSolution
		Debug|Any CPU = Debug|Any CPU
		Release|Any CPU = Release|Any CPU
	EndGlobalSection
	GlobalSection(ProjectConfigurationPlatforms) = postSolution
		{AE66B9C7-894C-4A19-8D7D-4A95536230DA}.Debug|Any CPU.ActiveCfg = Debug|Any CPU
		{AE66B9C7-894C-4A19-8D7D-4A95536230DA}.Debug|Any CPU.Build.0 = Debug|Any CPU
		{AE66B9C7-894C-4A19-8D7D-4A95536230DA}.Release|Any CPU.ActiveCfg = Release|Any CPU
		{AE66B9C7-894C-4A19-8D7D-4A95536230DA}.Release|Any CPU.Build.0 = Release|Any CPU
	EndGlobalSection
	GlobalSection(SolutionProperties) = preSolution
		HideSolutionNode = FALSE
	EndGlobalSection
	GlobalSection(ExtensibilityGlobals) = postSolution
		SolutionGuid = {0CFB963A-8AE0-40D1-AF4E-CF3D00189157}
	EndGlobalSection
EndGlobal
